
Microsoft Visual Studio Solution File, Format Version 12.00
# Visual Studio Version 17
VisualStudioVersion = 17.2.32616.157
MinimumVisualStudioVersion = 10.0.40219.1
Project("{2150E333-8FDC-42A3-9474-1A3956D46DE8}") = "AppHosts", "AppHosts", "{9E885BE5-B6D9-4CB4-A4AC-764EA2BFA9E4}"
EndProject
Project("{9A19103F-16F7-4668-BE54-9A1E7A4F7556}") = "BlazorStudio.RazorLib", "BlazorStudio.RazorLib\BlazorStudio.RazorLib.csproj", "{1C9FBAEC-12DE-488A-9A8F-2DC5377FC9E8}"
EndProject
Project("{9A19103F-16F7-4668-BE54-9A1E7A4F7556}") = "BlazorStudio.ClassLib", "BlazorStudio.ClassLib\BlazorStudio.ClassLib.csproj", "{4CA31C1C-0A96-4E65-A2A8-4BB549C25F70}"
EndProject
Project("{9A19103F-16F7-4668-BE54-9A1E7A4F7556}") = "BlazorStudio.Tests", "BlazorStudio.Tests\BlazorStudio.Tests.csproj", "{94EB1E96-1529-4B1F-86C9-7C85EA59C59A}"
EndProject
Project("{9A19103F-16F7-4668-BE54-9A1E7A4F7556}") = "BlazorStudio.Console", "BlazorStudio.Console\BlazorStudio.Console.csproj", "{909A6247-351E-47A1-928A-B46D0AB01B14}"
EndProject
Project("{9A19103F-16F7-4668-BE54-9A1E7A4F7556}") = "BlazorStudio.WebAssembly", "BlazorStudio.WebAssembly\BlazorStudio.WebAssembly.csproj", "{3F915C2F-8B4D-4C25-B29D-E608BEC3DE8B}"
EndProject
Project("{FAE04EC0-301F-11D3-BF4B-00C04F79EFBC}") = "BlazorStudio.Photino", "BlazorStudio.Photino\BlazorStudio.Photino.csproj", "{D5A0214B-3787-40AA-A4E5-1EEA300C87EE}"
EndProject
Project("{FAE04EC0-301F-11D3-BF4B-00C04F79EFBC}") = "Photino.Blazor", "Photino.Blazor\Photino.Blazor.csproj", "{84896F88-B2AB-4633-861E-B4F1B5299D80}"
EndProject
Project("{2150E333-8FDC-42A3-9474-1A3956D46DE8}") = "Blazor.Text.Editor", "Blazor.Text.Editor", "{5529CBBF-C41F-4F70-9415-35E1740F328E}"
EndProject
Project("{FAE04EC0-301F-11D3-BF4B-00C04F79EFBC}") = "BlazorTextEditor.RazorLib", "..\Blazor.Text.Editor\BlazorTextEditor.RazorLib\BlazorTextEditor.RazorLib.csproj", "{649E436D-6A3E-4325-968B-EEE934AB0084}"
EndProject
Global
	GlobalSection(SolutionConfigurationPlatforms) = preSolution
		Debug|Any CPU = Debug|Any CPU
		Release|Any CPU = Release|Any CPU
	EndGlobalSection
	GlobalSection(ProjectConfigurationPlatforms) = postSolution
		{1C9FBAEC-12DE-488A-9A8F-2DC5377FC9E8}.Debug|Any CPU.ActiveCfg = Debug|Any CPU
		{1C9FBAEC-12DE-488A-9A8F-2DC5377FC9E8}.Debug|Any CPU.Build.0 = Debug|Any CPU
		{1C9FBAEC-12DE-488A-9A8F-2DC5377FC9E8}.Release|Any CPU.ActiveCfg = Release|Any CPU
		{1C9FBAEC-12DE-488A-9A8F-2DC5377FC9E8}.Release|Any CPU.Build.0 = Release|Any CPU
		{4CA31C1C-0A96-4E65-A2A8-4BB549C25F70}.Debug|Any CPU.ActiveCfg = Debug|Any CPU
		{4CA31C1C-0A96-4E65-A2A8-4BB549C25F70}.Debug|Any CPU.Build.0 = Debug|Any CPU
		{4CA31C1C-0A96-4E65-A2A8-4BB549C25F70}.Release|Any CPU.ActiveCfg = Release|Any CPU
		{4CA31C1C-0A96-4E65-A2A8-4BB549C25F70}.Release|Any CPU.Build.0 = Release|Any CPU
		{94EB1E96-1529-4B1F-86C9-7C85EA59C59A}.Debug|Any CPU.ActiveCfg = Debug|Any CPU
		{94EB1E96-1529-4B1F-86C9-7C85EA59C59A}.Debug|Any CPU.Build.0 = Debug|Any CPU
		{94EB1E96-1529-4B1F-86C9-7C85EA59C59A}.Release|Any CPU.ActiveCfg = Release|Any CPU
		{94EB1E96-1529-4B1F-86C9-7C85EA59C59A}.Release|Any CPU.Build.0 = Release|Any CPU
		{909A6247-351E-47A1-928A-B46D0AB01B14}.Debug|Any CPU.ActiveCfg = Debug|Any CPU
		{909A6247-351E-47A1-928A-B46D0AB01B14}.Debug|Any CPU.Build.0 = Debug|Any CPU
		{909A6247-351E-47A1-928A-B46D0AB01B14}.Release|Any CPU.ActiveCfg = Release|Any CPU
		{909A6247-351E-47A1-928A-B46D0AB01B14}.Release|Any CPU.Build.0 = Release|Any CPU
		{3F915C2F-8B4D-4C25-B29D-E608BEC3DE8B}.Debug|Any CPU.ActiveCfg = Debug|Any CPU
		{3F915C2F-8B4D-4C25-B29D-E608BEC3DE8B}.Debug|Any CPU.Build.0 = Debug|Any CPU
		{3F915C2F-8B4D-4C25-B29D-E608BEC3DE8B}.Release|Any CPU.ActiveCfg = Release|Any CPU
		{3F915C2F-8B4D-4C25-B29D-E608BEC3DE8B}.Release|Any CPU.Build.0 = Release|Any CPU
		{D5A0214B-3787-40AA-A4E5-1EEA300C87EE}.Debug|Any CPU.ActiveCfg = Debug|Any CPU
		{D5A0214B-3787-40AA-A4E5-1EEA300C87EE}.Debug|Any CPU.Build.0 = Debug|Any CPU
		{D5A0214B-3787-40AA-A4E5-1EEA300C87EE}.Release|Any CPU.ActiveCfg = Release|Any CPU
		{D5A0214B-3787-40AA-A4E5-1EEA300C87EE}.Release|Any CPU.Build.0 = Release|Any CPU
		{84896F88-B2AB-4633-861E-B4F1B5299D80}.Debug|Any CPU.ActiveCfg = Debug|Any CPU
		{84896F88-B2AB-4633-861E-B4F1B5299D80}.Debug|Any CPU.Build.0 = Debug|Any CPU
		{84896F88-B2AB-4633-861E-B4F1B5299D80}.Release|Any CPU.ActiveCfg = Release|Any CPU
		{84896F88-B2AB-4633-861E-B4F1B5299D80}.Release|Any CPU.Build.0 = Release|Any CPU
		{649E436D-6A3E-4325-968B-EEE934AB0084}.Debug|Any CPU.ActiveCfg = Debug|Any CPU
		{649E436D-6A3E-4325-968B-EEE934AB0084}.Debug|Any CPU.Build.0 = Debug|Any CPU
		{649E436D-6A3E-4325-968B-EEE934AB0084}.Release|Any CPU.ActiveCfg = Release|Any CPU
		{649E436D-6A3E-4325-968B-EEE934AB0084}.Release|Any CPU.Build.0 = Release|Any CPU
	EndGlobalSection
	GlobalSection(SolutionProperties) = preSolution
		HideSolutionNode = FALSE
	EndGlobalSection
	GlobalSection(NestedProjects) = preSolution
		{3F915C2F-8B4D-4C25-B29D-E608BEC3DE8B} = {9E885BE5-B6D9-4CB4-A4AC-764EA2BFA9E4}
		{D5A0214B-3787-40AA-A4E5-1EEA300C87EE} = {9E885BE5-B6D9-4CB4-A4AC-764EA2BFA9E4}
		{649E436D-6A3E-4325-968B-EEE934AB0084} = {5529CBBF-C41F-4F70-9415-35E1740F328E}
	EndGlobalSection
	GlobalSection(ExtensibilityGlobals) = postSolution
		SolutionGuid = {CF5C7044-00A3-49F9-8ACD-E80E6B3A3B99}
	EndGlobalSection
EndGlobal
