
Microsoft Visual Studio Solution File, Format Version 12.00
# Visual Studio Version 17
VisualStudioVersion = 17.2.32616.157
MinimumVisualStudioVersion = 10.0.40219.1
Project("{2150E333-8FDC-42A3-9474-1A3956D46DE8}") = "AppHosts", "AppHosts", "{9E885BE5-B6D9-4CB4-A4AC-764EA2BFA9E4}"
EndProject
Project("{9A19103F-16F7-4668-BE54-9A1E7A4F7556}") = "BlazorStudio.Maui", "BlazorStudio.Maui\BlazorStudio.Maui.csproj", "{6D074A93-280B-43C1-AB40-0C1A5E8CCC45}"
EndProject
Project("{9A19103F-16F7-4668-BE54-9A1E7A4F7556}") = "BlazorStudio.RazorLib", "BlazorStudio.RazorLib\BlazorStudio.RazorLib.csproj", "{1C9FBAEC-12DE-488A-9A8F-2DC5377FC9E8}"
EndProject
Project("{9A19103F-16F7-4668-BE54-9A1E7A4F7556}") = "BlazorStudio.ClassLib", "BlazorStudio.ClassLib\BlazorStudio.ClassLib.csproj", "{4CA31C1C-0A96-4E65-A2A8-4BB549C25F70}"
EndProject
Project("{9A19103F-16F7-4668-BE54-9A1E7A4F7556}") = "BlazorStudio.Tests", "BlazorStudio.Tests\BlazorStudio.Tests.csproj", "{94EB1E96-1529-4B1F-86C9-7C85EA59C59A}"
EndProject
Project("{9A19103F-16F7-4668-BE54-9A1E7A4F7556}") = "BlazorStudio.Console", "BlazorStudio.Console\BlazorStudio.Console.csproj", "{909A6247-351E-47A1-928A-B46D0AB01B14}"
EndProject
Project("{9A19103F-16F7-4668-BE54-9A1E7A4F7556}") = "BlazorStudio.WebAssembly", "BlazorStudio.WebAssembly\BlazorStudio.WebAssembly.csproj", "{3F915C2F-8B4D-4C25-B29D-E608BEC3DE8B}"
EndProject
Global
	GlobalSection(SolutionConfigurationPlatforms) = preSolution
		Debug|Any CPU = Debug|Any CPU
		Release|Any CPU = Release|Any CPU
	EndGlobalSection
	GlobalSection(ProjectConfigurationPlatforms) = postSolution
		{6D074A93-280B-43C1-AB40-0C1A5E8CCC45}.Debug|Any CPU.ActiveCfg = Debug|Any CPU
		{6D074A93-280B-43C1-AB40-0C1A5E8CCC45}.Debug|Any CPU.Build.0 = Debug|Any CPU
		{6D074A93-280B-43C1-AB40-0C1A5E8CCC45}.Debug|Any CPU.Deploy.0 = Debug|Any CPU
		{6D074A93-280B-43C1-AB40-0C1A5E8CCC45}.Release|Any CPU.ActiveCfg = Release|Any CPU
		{6D074A93-280B-43C1-AB40-0C1A5E8CCC45}.Release|Any CPU.Build.0 = Release|Any CPU
		{6D074A93-280B-43C1-AB40-0C1A5E8CCC45}.Release|Any CPU.Deploy.0 = Release|Any CPU
		{1C9FBAEC-12DE-488A-9A8F-2DC5377FC9E8}.Debug|Any CPU.ActiveCfg = Debug|Any CPU
		{1C9FBAEC-12DE-488A-9A8F-2DC5377FC9E8}.Debug|Any CPU.Build.0 = Debug|Any CPU
		{1C9FBAEC-12DE-488A-9A8F-2DC5377FC9E8}.Release|Any CPU.ActiveCfg = Release|Any CPU
		{1C9FBAEC-12DE-488A-9A8F-2DC5377FC9E8}.Release|Any CPU.Build.0 = Release|Any CPU
		{4CA31C1C-0A96-4E65-A2A8-4BB549C25F70}.Debug|Any CPU.ActiveCfg = Debug|Any CPU
		{4CA31C1C-0A96-4E65-A2A8-4BB549C25F70}.Debug|Any CPU.Build.0 = Debug|Any CPU
		{4CA31C1C-0A96-4E65-A2A8-4BB549C25F70}.Release|Any CPU.ActiveCfg = Release|Any CPU
		{4CA31C1C-0A96-4E65-A2A8-4BB549C25F70}.Release|Any CPU.Build.0 = Release|Any CPU
		{94EB1E96-1529-4B1F-86C9-7C85EA59C59A}.Debug|Any CPU.ActiveCfg = Debug|Any CPU
		{94EB1E96-1529-4B1F-86C9-7C85EA59C59A}.Debug|Any CPU.Build.0 = Debug|Any CPU
		{94EB1E96-1529-4B1F-86C9-7C85EA59C59A}.Release|Any CPU.ActiveCfg = Release|Any CPU
		{94EB1E96-1529-4B1F-86C9-7C85EA59C59A}.Release|Any CPU.Build.0 = Release|Any CPU
		{909A6247-351E-47A1-928A-B46D0AB01B14}.Debug|Any CPU.ActiveCfg = Debug|Any CPU
		{909A6247-351E-47A1-928A-B46D0AB01B14}.Debug|Any CPU.Build.0 = Debug|Any CPU
		{909A6247-351E-47A1-928A-B46D0AB01B14}.Release|Any CPU.ActiveCfg = Release|Any CPU
		{909A6247-351E-47A1-928A-B46D0AB01B14}.Release|Any CPU.Build.0 = Release|Any CPU
		{3F915C2F-8B4D-4C25-B29D-E608BEC3DE8B}.Debug|Any CPU.ActiveCfg = Debug|Any CPU
		{3F915C2F-8B4D-4C25-B29D-E608BEC3DE8B}.Debug|Any CPU.Build.0 = Debug|Any CPU
		{3F915C2F-8B4D-4C25-B29D-E608BEC3DE8B}.Release|Any CPU.ActiveCfg = Release|Any CPU
		{3F915C2F-8B4D-4C25-B29D-E608BEC3DE8B}.Release|Any CPU.Build.0 = Release|Any CPU
	EndGlobalSection
	GlobalSection(SolutionProperties) = preSolution
		HideSolutionNode = FALSE
	EndGlobalSection
	GlobalSection(NestedProjects) = preSolution
		{6D074A93-280B-43C1-AB40-0C1A5E8CCC45} = {9E885BE5-B6D9-4CB4-A4AC-764EA2BFA9E4}
		{3F915C2F-8B4D-4C25-B29D-E608BEC3DE8B} = {9E885BE5-B6D9-4CB4-A4AC-764EA2BFA9E4}
	EndGlobalSection
	GlobalSection(ExtensibilityGlobals) = postSolution
		SolutionGuid = {CF5C7044-00A3-49F9-8ACD-E80E6B3A3B99}
	EndGlobalSection
EndGlobal
