
Microsoft Visual Studio Solution File, Format Version 12.00
# Visual Studio Version 17
VisualStudioVersion = 17.2.32616.157
MinimumVisualStudioVersion = 10.0.40219.1
Project("{2150E333-8FDC-42A3-9474-1A3956D46DE8}") = "AppHosts", "AppHosts", "{9E885BE5-B6D9-4CB4-A4AC-764EA2BFA9E4}"
EndProject
Project("{9A19103F-16F7-4668-BE54-9A1E7A4F7556}") = "BlazorStudio.RazorLib", "BlazorStudio.RazorLib\BlazorStudio.RazorLib.csproj", "{1C9FBAEC-12DE-488A-9A8F-2DC5377FC9E8}"
EndProject
Project("{9A19103F-16F7-4668-BE54-9A1E7A4F7556}") = "BlazorStudio.ClassLib", "BlazorStudio.ClassLib\BlazorStudio.ClassLib.csproj", "{4CA31C1C-0A96-4E65-A2A8-4BB549C25F70}"
EndProject
Project("{9A19103F-16F7-4668-BE54-9A1E7A4F7556}") = "BlazorStudio.Tests", "BlazorStudio.Tests\BlazorStudio.Tests.csproj", "{94EB1E96-1529-4B1F-86C9-7C85EA59C59A}"
EndProject
Project("{FAE04EC0-301F-11D3-BF4B-00C04F79EFBC}") = "BlazorStudio.Photino", "BlazorStudio.Photino\BlazorStudio.Photino.csproj", "{D5A0214B-3787-40AA-A4E5-1EEA300C87EE}"
EndProject
Project("{FAE04EC0-301F-11D3-BF4B-00C04F79EFBC}") = "Photino.Blazor", "Photino.Blazor\Photino.Blazor.csproj", "{84896F88-B2AB-4633-861E-B4F1B5299D80}"
EndProject
Project("{2150E333-8FDC-42A3-9474-1A3956D46DE8}") = "BlazorStudio", "BlazorStudio", "{F9E1080F-281E-4776-BEB0-9DD3165B6B2A}"
EndProject
Project("{2150E333-8FDC-42A3-9474-1A3956D46DE8}") = "Libs", "Libs", "{9DA1D23C-7323-4F08-9F74-9A038B107AE9}"
EndProject
Project("{FAE04EC0-301F-11D3-BF4B-00C04F79EFBC}") = "BlazorTextEditor.RazorLib", "..\Blazor.Text.Editor\BlazorTextEditor.RazorLib\BlazorTextEditor.RazorLib.csproj", "{066FD060-1EC5-4054-904C-0D6BA4087365}"
EndProject
Project("{FAE04EC0-301F-11D3-BF4B-00C04F79EFBC}") = "BlazorALaCarte.Shared", "..\BlazorALaCarte\BlazorALaCarte.Shared\BlazorALaCarte.Shared\BlazorALaCarte.Shared.csproj", "{0E53B272-F492-4992-A57A-2D978789B68F}"
EndProject
Project("{FAE04EC0-301F-11D3-BF4B-00C04F79EFBC}") = "BlazorALaCarte.TreeView", "..\BlazorALaCarte\BlazorALaCarte.TreeView\BlazorALaCarte.TreeView\BlazorALaCarte.TreeView.csproj", "{CB6A4021-F700-4510-85FA-70E298BEF91D}"
EndProject
Project("{FAE04EC0-301F-11D3-BF4B-00C04F79EFBC}") = "BlazorALaCarte.DialogNotification", "..\BlazorALaCarte\BlazorALaCarte.DialogNotification\BlazorALaCarte.DialogNotification\BlazorALaCarte.DialogNotification.csproj", "{019F0FE5-7592-4A09-8DA9-3B75680D4DBC}"
EndProject
Global
	GlobalSection(SolutionConfigurationPlatforms) = preSolution
		Debug|Any CPU = Debug|Any CPU
		Release|Any CPU = Release|Any CPU
	EndGlobalSection
	GlobalSection(ProjectConfigurationPlatforms) = postSolution
		{1C9FBAEC-12DE-488A-9A8F-2DC5377FC9E8}.Debug|Any CPU.ActiveCfg = Debug|Any CPU
		{1C9FBAEC-12DE-488A-9A8F-2DC5377FC9E8}.Debug|Any CPU.Build.0 = Debug|Any CPU
		{1C9FBAEC-12DE-488A-9A8F-2DC5377FC9E8}.Release|Any CPU.ActiveCfg = Release|Any CPU
		{1C9FBAEC-12DE-488A-9A8F-2DC5377FC9E8}.Release|Any CPU.Build.0 = Release|Any CPU
		{4CA31C1C-0A96-4E65-A2A8-4BB549C25F70}.Debug|Any CPU.ActiveCfg = Debug|Any CPU
		{4CA31C1C-0A96-4E65-A2A8-4BB549C25F70}.Debug|Any CPU.Build.0 = Debug|Any CPU
		{4CA31C1C-0A96-4E65-A2A8-4BB549C25F70}.Release|Any CPU.ActiveCfg = Release|Any CPU
		{4CA31C1C-0A96-4E65-A2A8-4BB549C25F70}.Release|Any CPU.Build.0 = Release|Any CPU
		{94EB1E96-1529-4B1F-86C9-7C85EA59C59A}.Debug|Any CPU.ActiveCfg = Debug|Any CPU
		{94EB1E96-1529-4B1F-86C9-7C85EA59C59A}.Debug|Any CPU.Build.0 = Debug|Any CPU
		{94EB1E96-1529-4B1F-86C9-7C85EA59C59A}.Release|Any CPU.ActiveCfg = Release|Any CPU
		{94EB1E96-1529-4B1F-86C9-7C85EA59C59A}.Release|Any CPU.Build.0 = Release|Any CPU
		{D5A0214B-3787-40AA-A4E5-1EEA300C87EE}.Debug|Any CPU.ActiveCfg = Debug|Any CPU
		{D5A0214B-3787-40AA-A4E5-1EEA300C87EE}.Debug|Any CPU.Build.0 = Debug|Any CPU
		{D5A0214B-3787-40AA-A4E5-1EEA300C87EE}.Release|Any CPU.ActiveCfg = Release|Any CPU
		{D5A0214B-3787-40AA-A4E5-1EEA300C87EE}.Release|Any CPU.Build.0 = Release|Any CPU
		{84896F88-B2AB-4633-861E-B4F1B5299D80}.Debug|Any CPU.ActiveCfg = Debug|Any CPU
		{84896F88-B2AB-4633-861E-B4F1B5299D80}.Debug|Any CPU.Build.0 = Debug|Any CPU
		{84896F88-B2AB-4633-861E-B4F1B5299D80}.Release|Any CPU.ActiveCfg = Release|Any CPU
		{84896F88-B2AB-4633-861E-B4F1B5299D80}.Release|Any CPU.Build.0 = Release|Any CPU
		{066FD060-1EC5-4054-904C-0D6BA4087365}.Debug|Any CPU.ActiveCfg = Debug|Any CPU
		{066FD060-1EC5-4054-904C-0D6BA4087365}.Debug|Any CPU.Build.0 = Debug|Any CPU
		{066FD060-1EC5-4054-904C-0D6BA4087365}.Release|Any CPU.ActiveCfg = Release|Any CPU
		{066FD060-1EC5-4054-904C-0D6BA4087365}.Release|Any CPU.Build.0 = Release|Any CPU
		{0E53B272-F492-4992-A57A-2D978789B68F}.Debug|Any CPU.ActiveCfg = Debug|Any CPU
		{0E53B272-F492-4992-A57A-2D978789B68F}.Debug|Any CPU.Build.0 = Debug|Any CPU
		{0E53B272-F492-4992-A57A-2D978789B68F}.Release|Any CPU.ActiveCfg = Release|Any CPU
		{0E53B272-F492-4992-A57A-2D978789B68F}.Release|Any CPU.Build.0 = Release|Any CPU
		{CB6A4021-F700-4510-85FA-70E298BEF91D}.Debug|Any CPU.ActiveCfg = Debug|Any CPU
		{CB6A4021-F700-4510-85FA-70E298BEF91D}.Debug|Any CPU.Build.0 = Debug|Any CPU
		{CB6A4021-F700-4510-85FA-70E298BEF91D}.Release|Any CPU.ActiveCfg = Release|Any CPU
		{CB6A4021-F700-4510-85FA-70E298BEF91D}.Release|Any CPU.Build.0 = Release|Any CPU
		{019F0FE5-7592-4A09-8DA9-3B75680D4DBC}.Debug|Any CPU.ActiveCfg = Debug|Any CPU
		{019F0FE5-7592-4A09-8DA9-3B75680D4DBC}.Debug|Any CPU.Build.0 = Debug|Any CPU
		{019F0FE5-7592-4A09-8DA9-3B75680D4DBC}.Release|Any CPU.ActiveCfg = Release|Any CPU
		{019F0FE5-7592-4A09-8DA9-3B75680D4DBC}.Release|Any CPU.Build.0 = Release|Any CPU
	EndGlobalSection
	GlobalSection(SolutionProperties) = preSolution
		HideSolutionNode = FALSE
	EndGlobalSection
	GlobalSection(NestedProjects) = preSolution
		{D5A0214B-3787-40AA-A4E5-1EEA300C87EE} = {9E885BE5-B6D9-4CB4-A4AC-764EA2BFA9E4}
		{4CA31C1C-0A96-4E65-A2A8-4BB549C25F70} = {F9E1080F-281E-4776-BEB0-9DD3165B6B2A}
		{1C9FBAEC-12DE-488A-9A8F-2DC5377FC9E8} = {F9E1080F-281E-4776-BEB0-9DD3165B6B2A}
		{94EB1E96-1529-4B1F-86C9-7C85EA59C59A} = {F9E1080F-281E-4776-BEB0-9DD3165B6B2A}
		{84896F88-B2AB-4633-861E-B4F1B5299D80} = {9DA1D23C-7323-4F08-9F74-9A038B107AE9}
		{066FD060-1EC5-4054-904C-0D6BA4087365} = {9DA1D23C-7323-4F08-9F74-9A038B107AE9}
		{0E53B272-F492-4992-A57A-2D978789B68F} = {9DA1D23C-7323-4F08-9F74-9A038B107AE9}
		{CB6A4021-F700-4510-85FA-70E298BEF91D} = {9DA1D23C-7323-4F08-9F74-9A038B107AE9}
		{019F0FE5-7592-4A09-8DA9-3B75680D4DBC} = {9DA1D23C-7323-4F08-9F74-9A038B107AE9}
	EndGlobalSection
	GlobalSection(ExtensibilityGlobals) = postSolution
		SolutionGuid = {CF5C7044-00A3-49F9-8ACD-E80E6B3A3B99}
	EndGlobalSection
EndGlobal
